Microsoft Visual Studio Solution File, Format Version 11.00
# Visual Studio 2008

Project("{760D9AE1-0AC5-A2EF-3F8C-887AE90FB066}") = "earlyVoid", "Assembly-CSharp.csproj", "{78FBAF10-B584-6033-17DD-BA276F098997}"
EndProject
Project("{760D9AE1-0AC5-A2EF-3F8C-887AE90FB066}") = "earlyVoid", "Assembly-CSharp-Editor.csproj", "{68642494-C034-4EDF-196E-35D03F0AE56E}"
EndProject
Project("{760D9AE1-0AC5-A2EF-3F8C-887AE90FB066}") = "earlyVoid", "Assembly-UnityScript.unityproj", "{5ACEC834-456B-C7F9-DD5C-F617F8FBE9D8}"
EndProject
Global
	GlobalSection(SolutionConfigurationPlatforms) = preSolution
		Debug|Any CPU = Debug|Any CPU
		Release|Any CPU = Release|Any CPU
	EndGlobalSection
	GlobalSection(ProjectConfigurationPlatforms) = postSolution
		{78FBAF10-B584-6033-17DD-BA276F098997}.Debug|Any CPU.ActiveCfg = Debug|Any CPU
		{78FBAF10-B584-6033-17DD-BA276F098997}.Debug|Any CPU.Build.0 = Debug|Any CPU
		{78FBAF10-B584-6033-17DD-BA276F098997}.Release|Any CPU.ActiveCfg = Release|Any CPU
		{78FBAF10-B584-6033-17DD-BA276F098997}.Release|Any CPU.Build.0 = Release|Any CPU
		{68642494-C034-4EDF-196E-35D03F0AE56E}.Debug|Any CPU.ActiveCfg = Debug|Any CPU
		{68642494-C034-4EDF-196E-35D03F0AE56E}.Debug|Any CPU.Build.0 = Debug|Any CPU
		{68642494-C034-4EDF-196E-35D03F0AE56E}.Release|Any CPU.ActiveCfg = Release|Any CPU
		{68642494-C034-4EDF-196E-35D03F0AE56E}.Release|Any CPU.Build.0 = Release|Any CPU
		{5ACEC834-456B-C7F9-DD5C-F617F8FBE9D8}.Debug|Any CPU.ActiveCfg = Debug|Any CPU
		{5ACEC834-456B-C7F9-DD5C-F617F8FBE9D8}.Debug|Any CPU.Build.0 = Debug|Any CPU
		{5ACEC834-456B-C7F9-DD5C-F617F8FBE9D8}.Release|Any CPU.ActiveCfg = Release|Any CPU
		{5ACEC834-456B-C7F9-DD5C-F617F8FBE9D8}.Release|Any CPU.Build.0 = Release|Any CPU
	EndGlobalSection
	GlobalSection(SolutionProperties) = preSolution
		HideSolutionNode = FALSE
	EndGlobalSection
	GlobalSection(MonoDevelopProperties) = preSolution
		StartupItem = Assembly-CSharp.csproj
		Policies = $0
		$0.TextStylePolicy = $1
		$1.inheritsSet = null
		$1.scope = text/x-csharp
		$0.CSharpFormattingPolicy = $2
		$2.inheritsSet = Mono
		$2.inheritsScope = text/x-csharp
		$2.scope = text/x-csharp
		$0.TextStylePolicy = $3
		$3.FileWidth = 120
		$3.TabWidth = 4
		$3.EolMarker = Unix
		$3.inheritsSet = Mono
		$3.inheritsScope = text/plain
		$3.scope = text/plain
	EndGlobalSection
EndGlobal
